// !$*UTF8*$!
{
	archiveVersion = 1;
	classes = {
	};
	objectVersion = 46;
	objects = {

/* Begin PBXBuildFile section */
		45F614D28CBF4CB5BCD8A734 /* libPods.a in Frameworks */ = {isa = PBXBuildFile; fileRef = 580C39FE6277449DA3ED5EDB /* libPods.a */; };
		574176E919AD8972005FA292 /* ActivityIndicator.m in Sources */ = {isa = PBXBuildFile; fileRef = 574176E819AD8972005FA292 /* ActivityIndicator.m */; };
		574176EC19AD8F31005FA292 /* Constants.m in Sources */ = {isa = PBXBuildFile; fileRef = 574176EB19AD8F31005FA292 /* Constants.m */; };
		574176F319AF2D43005FA292 /* Icon.png in Resources */ = {isa = PBXBuildFile; fileRef = 574176F119AF2D43005FA292 /* Icon.png */; };
		574176F419AF2D43005FA292 /* Icon@2x.png in Resources */ = {isa = PBXBuildFile; fileRef = 574176F219AF2D43005FA292 /* Icon@2x.png */; };
		5758537A19B48EAF00C4218A /* sync@2x.png in Resources */ = {isa = PBXBuildFile; fileRef = 5758537819B48EAF00C4218A /* sync@2x.png */; };
		5758537B19B48EAF00C4218A /* sync.png in Resources */ = {isa = PBXBuildFile; fileRef = 5758537919B48EAF00C4218A /* sync.png */; };
		5758537E19B48F7300C4218A /* brush.png in Resources */ = {isa = PBXBuildFile; fileRef = 5758537C19B48F7300C4218A /* brush.png */; };
		5758537F19B48F7300C4218A /* brush@2x.png in Resources */ = {isa = PBXBuildFile; fileRef = 5758537D19B48F7300C4218A /* brush@2x.png */; };
		5758538219B4A8B300C4218A /* share@2x.png in Resources */ = {isa = PBXBuildFile; fileRef = 5758538019B4A8B300C4218A /* share@2x.png */; };
		5758538319B4A8B300C4218A /* share.png in Resources */ = {isa = PBXBuildFile; fileRef = 5758538119B4A8B300C4218A /* share.png */; };
		5758538619B56A0C00C4218A /* PhotoUtil.m in Sources */ = {isa = PBXBuildFile; fileRef = 5758538519B56A0C00C4218A /* PhotoUtil.m */; };
		5758538819B56B8B00C4218A /* AssetsLibrary.framework in Frameworks */ = {isa = PBXBuildFile; fileRef = 5758538719B56B8B00C4218A /* AssetsLibrary.framework */; };
		5758538D19B56D7900C4218A /* ALAssetsLibrary+CustomPhotoAlbum.m in Sources */ = {isa = PBXBuildFile; fileRef = 5758538C19B56D7900C4218A /* ALAssetsLibrary+CustomPhotoAlbum.m */; };
		5758539119B56F6000C4218A /* Localizable.strings in Resources */ = {isa = PBXBuildFile; fileRef = 5758539019B56F6000C4218A /* Localizable.strings */; };
		575853E219B5A02100C4218A /* UMSocialLocalizable.strings in Resources */ = {isa = PBXBuildFile; fileRef = 575853C319B5A02100C4218A /* UMSocialLocalizable.strings */; };
		575853E319B5A02100C4218A /* libUMSocial_Sdk_4.1.a in Frameworks */ = {isa = PBXBuildFile; fileRef = 575853D119B5A02100C4218A /* libUMSocial_Sdk_4.1.a */; };
		575853E419B5A02100C4218A /* UMSCommentDetailController.xib in Resources */ = {isa = PBXBuildFile; fileRef = 575853D319B5A02100C4218A /* UMSCommentDetailController.xib */; };
		575853E519B5A02100C4218A /* UMSCommentInputController.xib in Resources */ = {isa = PBXBuildFile; fileRef = 575853D419B5A02100C4218A /* UMSCommentInputController.xib */; };
		575853E619B5A02100C4218A /* UMSCommentInputControlleriPad.xib in Resources */ = {isa = PBXBuildFile; fileRef = 575853D519B5A02100C4218A /* UMSCommentInputControlleriPad.xib */; };
		575853E719B5A02100C4218A /* UMShareEditViewController.xib in Resources */ = {isa = PBXBuildFile; fileRef = 575853D619B5A02100C4218A /* UMShareEditViewController.xib */; };
		575853E819B5A02100C4218A /* UMShareEditViewControlleriPad.xib in Resources */ = {isa = PBXBuildFile; fileRef = 575853D719B5A02100C4218A /* UMShareEditViewControlleriPad.xib */; };
		575853E919B5A02100C4218A /* UMSLoginViewController.xib in Resources */ = {isa = PBXBuildFile; fileRef = 575853D819B5A02100C4218A /* UMSLoginViewController.xib */; };
		575853EA19B5A02100C4218A /* UMSnsAccountViewController.xib in Resources */ = {isa = PBXBuildFile; fileRef = 575853D919B5A02100C4218A /* UMSnsAccountViewController.xib */; };
		575853EB19B5A02100C4218A /* UMSShareListController.xib in Resources */ = {isa = PBXBuildFile; fileRef = 575853DA19B5A02100C4218A /* UMSShareListController.xib */; };
		575853EC19B5A02100C4218A /* UMSocialSDKResourcesNew.bundle in Resources */ = {isa = PBXBuildFile; fileRef = 575853DB19B5A02100C4218A /* UMSocialSDKResourcesNew.bundle */; };
		575853ED19B5A02100C4218A /* libSocialWechat.a in Frameworks */ = {isa = PBXBuildFile; fileRef = 575853DF19B5A02100C4218A /* libSocialWechat.a */; };
		575853EE19B5A02100C4218A /* libWeChatSDK.a in Frameworks */ = {isa = PBXBuildFile; fileRef = 575853E019B5A02100C4218A /* libWeChatSDK.a */; };
		575853F719B5A94700C4218A /* ToolsViewController.m in Sources */ = {isa = PBXBuildFile; fileRef = 575853F519B5A94700C4218A /* ToolsViewController.m */; };
		575853F819B5A94700C4218A /* ToolsViewController.xib in Resources */ = {isa = PBXBuildFile; fileRef = 575853F619B5A94700C4218A /* ToolsViewController.xib */; };
		FD2825A316E9DD5100FC66BB /* PhotosCollectionViewController.m in Sources */ = {isa = PBXBuildFile; fileRef = FD2825A216E9DD5100FC66BB /* PhotosCollectionViewController.m */; };
		FD288E6816F307E10068A2F5 /* CityListViewController.m in Sources */ = {isa = PBXBuildFile; fileRef = FD288E6616F307E10068A2F5 /* CityListViewController.m */; };
		FD288E6916F307E10068A2F5 /* CityListViewController.xib in Resources */ = {isa = PBXBuildFile; fileRef = FD288E6716F307E10068A2F5 /* CityListViewController.xib */; };
		FD3D3EAA16DDE6AD002FA65F /* CoreLocation.framework in Frameworks */ = {isa = PBXBuildFile; fileRef = FD3D3EA916DDE6AD002FA65F /* CoreLocation.framework */; };
		FD420B1A16D66E3800300B26 /* UIKit.framework in Frameworks */ = {isa = PBXBuildFile; fileRef = FD420B1916D66E3800300B26 /* UIKit.framework */; };
		FD420B1C16D66E3800300B26 /* Foundation.framework in Frameworks */ = {isa = PBXBuildFile; fileRef = FD420B1B16D66E3800300B26 /* Foundation.framework */; };
		FD420B1E16D66E3800300B26 /* CoreGraphics.framework in Frameworks */ = {isa = PBXBuildFile; fileRef = FD420B1D16D66E3800300B26 /* CoreGraphics.framework */; };
		FD420B2416D66E3800300B26 /* InfoPlist.strings in Resources */ = {isa = PBXBuildFile; fileRef = FD420B2216D66E3800300B26 /* InfoPlist.strings */; };
		FD420B2616D66E3800300B26 /* main.m in Sources */ = {isa = PBXBuildFile; fileRef = FD420B2516D66E3800300B26 /* main.m */; };
		FD420B2A16D66E3800300B26 /* PMAppDelegate.m in Sources */ = {isa = PBXBuildFile; fileRef = FD420B2916D66E3800300B26 /* PMAppDelegate.m */; };
		FD420B2C16D66E3800300B26 /* Default.png in Resources */ = {isa = PBXBuildFile; fileRef = FD420B2B16D66E3800300B26 /* Default.png */; };
		FD420B2E16D66E3900300B26 /* Default@2x.png in Resources */ = {isa = PBXBuildFile; fileRef = FD420B2D16D66E3900300B26 /* Default@2x.png */; };
		FD420B3016D66E3900300B26 /* Default-568h@2x.png in Resources */ = {isa = PBXBuildFile; fileRef = FD420B2F16D66E3900300B26 /* Default-568h@2x.png */; };
		FD420B3316D66E3900300B26 /* MainStoryboard.storyboard in Resources */ = {isa = PBXBuildFile; fileRef = FD420B3116D66E3900300B26 /* MainStoryboard.storyboard */; };
		FD420B3616D66E3900300B26 /* PMViewController.m in Sources */ = {isa = PBXBuildFile; fileRef = FD420B3516D66E3900300B26 /* PMViewController.m */; };
		FDC4998116EDE21900F4CE84 /* AQIViewController.m in Sources */ = {isa = PBXBuildFile; fileRef = FDC4997F16EDE21800F4CE84 /* AQIViewController.m */; };
		FDC4998216EDE21900F4CE84 /* AQIViewController.xib in Resources */ = {isa = PBXBuildFile; fileRef = FDC4998016EDE21800F4CE84 /* AQIViewController.xib */; };
		FDC4998516EE24E600F4CE84 /* AqiAPI.m in Sources */ = {isa = PBXBuildFile; fileRef = FDC4998416EE24E600F4CE84 /* AqiAPI.m */; };
		FDDF980616F84BD9001BB249 /* table_bg.png in Resources */ = {isa = PBXBuildFile; fileRef = FDDF980416F84BD9001BB249 /* table_bg.png */; };
		FDDF980716F84BD9001BB249 /* table_bg@2X.png in Resources */ = {isa = PBXBuildFile; fileRef = FDDF980516F84BD9001BB249 /* table_bg@2X.png */; };
		FDEBF60216E98FA100D29534 /* background.jpg in Resources */ = {isa = PBXBuildFile; fileRef = FDEBF60016E98FA100D29534 /* background.jpg */; };
		FDEBF60516E98FD500D29534 /* background@2x.jpg in Resources */ = {isa = PBXBuildFile; fileRef = FDEBF60416E98FD500D29534 /* background@2x.jpg */; };
/* End PBXBuildFile section */

/* Begin PBXFileReference section */
		574176E719AD8972005FA292 /* ActivityIndicator.h */ = {isa = PBXFileReference; fileEncoding = 4; lastKnownFileType = sourcecode.c.h; path = ActivityIndicator.h; sourceTree = "<group>"; };
		574176E819AD8972005FA292 /* ActivityIndicator.m */ = {isa = PBXFileReference; fileEncoding = 4; lastKnownFileType = sourcecode.c.objc; path = ActivityIndicator.m; sourceTree = "<group>"; };
		574176EA19AD8F31005FA292 /* Constants.h */ = {isa = PBXFileReference; fileEncoding = 4; lastKnownFileType = sourcecode.c.h; path = Constants.h; sourceTree = "<group>"; };
		574176EB19AD8F31005FA292 /* Constants.m */ = {isa = PBXFileReference; fileEncoding = 4; lastKnownFileType = sourcecode.c.objc; path = Constants.m; sourceTree = "<group>"; };
		574176F119AF2D43005FA292 /* Icon.png */ = {isa = PBXFileReference; lastKnownFileType = image.png; name = Icon.png; path = ../../../Downloads/icon/ios7/Icon.png; sourceTree = "<group>"; };
		574176F219AF2D43005FA292 /* Icon@2x.png */ = {isa = PBXFileReference; lastKnownFileType = image.png; name = "Icon@2x.png"; path = "../../../Downloads/icon/ios7/Icon@2x.png"; sourceTree = "<group>"; };
		5758537819B48EAF00C4218A /* sync@2x.png */ = {isa = PBXFileReference; lastKnownFileType = image.png; name = "sync@2x.png"; path = "../../../Desktop/sync@2x.png"; sourceTree = "<group>"; };
		5758537919B48EAF00C4218A /* sync.png */ = {isa = PBXFileReference; lastKnownFileType = image.png; name = sync.png; path = ../../../Desktop/sync.png; sourceTree = "<group>"; };
		5758537C19B48F7300C4218A /* brush.png */ = {isa = PBXFileReference; lastKnownFileType = image.png; name = brush.png; path = ../../../Desktop/brush.png; sourceTree = "<group>"; };
		5758537D19B48F7300C4218A /* brush@2x.png */ = {isa = PBXFileReference; lastKnownFileType = image.png; name = "brush@2x.png"; path = "../../../Desktop/brush@2x.png"; sourceTree = "<group>"; };
		5758538019B4A8B300C4218A /* share@2x.png */ = {isa = PBXFileReference; lastKnownFileType = image.png; name = "share@2x.png"; path = "../../../Desktop/share@2x.png"; sourceTree = "<group>"; };
		5758538119B4A8B300C4218A /* share.png */ = {isa = PBXFileReference; lastKnownFileType = image.png; name = share.png; path = ../../../Desktop/share.png; sourceTree = "<group>"; };
		5758538419B56A0C00C4218A /* PhotoUtil.h */ = {isa = PBXFileReference; fileEncoding = 4; lastKnownFileType = sourcecode.c.h; path = PhotoUtil.h; sourceTree = "<group>"; };
		5758538519B56A0C00C4218A /* PhotoUtil.m */ = {isa = PBXFileReference; fileEncoding = 4; lastKnownFileType = sourcecode.c.objc; path = PhotoUtil.m; sourceTree = "<group>"; };
		5758538719B56B8B00C4218A /* AssetsLibrary.framework */ = {isa = PBXFileReference; lastKnownFileType = wrapper.framework; name = AssetsLibrary.framework; path = System/Library/Frameworks/AssetsLibrary.framework; sourceTree = SDKROOT; };
		5758538B19B56D7900C4218A /* ALAssetsLibrary+CustomPhotoAlbum.h */ = {isa = PBXFileReference; fileEncoding = 4; lastKnownFileType = sourcecode.c.h; path = "ALAssetsLibrary+CustomPhotoAlbum.h"; sourceTree = "<group>"; };
		5758538C19B56D7900C4218A /* ALAssetsLibrary+CustomPhotoAlbum.m */ = {isa = PBXFileReference; fileEncoding = 4; lastKnownFileType = sourcecode.c.objc; path = "ALAssetsLibrary+CustomPhotoAlbum.m"; sourceTree = "<group>"; };
		5758539019B56F6000C4218A /* Localizable.strings */ = {isa = PBXFileReference; fileEncoding = 4; lastKnownFileType = text.plist.strings; path = Localizable.strings; sourceTree = "<group>"; };
		575853C419B5A02100C4218A /* en */ = {isa = PBXFileReference; lastKnownFileType = text.plist.strings; name = en; path = en.lproj/UMSocialLocalizable.strings; sourceTree = "<group>"; };
		575853C619B5A02100C4218A /* UMSocial.h */ = {isa = PBXFileReference; fileEncoding = 4; lastKnownFileType = sourcecode.c.h; path = UMSocial.h; sourceTree = "<group>"; };
		575853C719B5A02100C4218A /* UMSocialAccountManager.h */ = {isa = PBXFileReference; fileEncoding = 4; lastKnownFileType = sourcecode.c.h; path = UMSocialAccountManager.h; sourceTree = "<group>"; };
		575853C819B5A02100C4218A /* UMSocialBar.h */ = {isa = PBXFileReference; fileEncoding = 4; lastKnownFileType = sourcecode.c.h; path = UMSocialBar.h; sourceTree = "<group>"; };
		575853C919B5A02100C4218A /* UMSocialConfig.h */ = {isa = PBXFileReference; fileEncoding = 4; lastKnownFileType = sourcecode.c.h; path = UMSocialConfig.h; sourceTree = "<group>"; };
		575853CA19B5A02100C4218A /* UMSocialControllerService.h */ = {isa = PBXFileReference; fileEncoding = 4; lastKnownFileType = sourcecode.c.h; path = UMSocialControllerService.h; sourceTree = "<group>"; };
		575853CB19B5A02100C4218A /* UMSocialControllerServiceComment.h */ = {isa = PBXFileReference; fileEncoding = 4; lastKnownFileType = sourcecode.c.h; path = UMSocialControllerServiceComment.h; sourceTree = "<group>"; };
		575853CC19B5A02100C4218A /* UMSocialData.h */ = {isa = PBXFileReference; fileEncoding = 4; lastKnownFileType = sourcecode.c.h; path = UMSocialData.h; sourceTree = "<group>"; };
		575853CD19B5A02100C4218A /* UMSocialDataService.h */ = {isa = PBXFileReference; fileEncoding = 4; lastKnownFileType = sourcecode.c.h; path = UMSocialDataService.h; sourceTree = "<group>"; };
		575853CE19B5A02100C4218A /* UMSocialSnsData.h */ = {isa = PBXFileReference; fileEncoding = 4; lastKnownFileType = sourcecode.c.h; path = UMSocialSnsData.h; sourceTree = "<group>"; };
		575853CF19B5A02100C4218A /* UMSocialSnsPlatformManager.h */ = {isa = PBXFileReference; fileEncoding = 4; lastKnownFileType = sourcecode.c.h; path = UMSocialSnsPlatformManager.h; sourceTree = "<group>"; };
		575853D019B5A02100C4218A /* UMSocialSnsService.h */ = {isa = PBXFileReference; fileEncoding = 4; lastKnownFileType = sourcecode.c.h; path = UMSocialSnsService.h; sourceTree = "<group>"; };
		575853D119B5A02100C4218A /* libUMSocial_Sdk_4.1.a */ = {isa = PBXFileReference; lastKnownFileType = archive.ar; path = libUMSocial_Sdk_4.1.a; sourceTree = "<group>"; };
		575853D319B5A02100C4218A /* UMSCommentDetailController.xib */ = {isa = PBXFileReference; fileEncoding = 4; lastKnownFileType = file.xib; path = UMSCommentDetailController.xib; sourceTree = "<group>"; };
		575853D419B5A02100C4218A /* UMSCommentInputController.xib */ = {isa = PBXFileReference; fileEncoding = 4; lastKnownFileType = file.xib; path = UMSCommentInputController.xib; sourceTree = "<group>"; };
		575853D519B5A02100C4218A /* UMSCommentInputControlleriPad.xib */ = {isa = PBXFileReference; fileEncoding = 4; lastKnownFileType = file.xib; path = UMSCommentInputControlleriPad.xib; sourceTree = "<group>"; };
		575853D619B5A02100C4218A /* UMShareEditViewController.xib */ = {isa = PBXFileReference; fileEncoding = 4; lastKnownFileType = file.xib; path = UMShareEditViewController.xib; sourceTree = "<group>"; };
		575853D719B5A02100C4218A /* UMShareEditViewControlleriPad.xib */ = {isa = PBXFileReference; fileEncoding = 4; lastKnownFileType = file.xib; path = UMShareEditViewControlleriPad.xib; sourceTree = "<group>"; };
		575853D819B5A02100C4218A /* UMSLoginViewController.xib */ = {isa = PBXFileReference; fileEncoding = 4; lastKnownFileType = file.xib; path = UMSLoginViewController.xib; sourceTree = "<group>"; };
		575853D919B5A02100C4218A /* UMSnsAccountViewController.xib */ = {isa = PBXFileReference; fileEncoding = 4; lastKnownFileType = file.xib; path = UMSnsAccountViewController.xib; sourceTree = "<group>"; };
		575853DA19B5A02100C4218A /* UMSShareListController.xib */ = {isa = PBXFileReference; fileEncoding = 4; lastKnownFileType = file.xib; path = UMSShareListController.xib; sourceTree = "<group>"; };
		575853DB19B5A02100C4218A /* UMSocialSDKResourcesNew.bundle */ = {isa = PBXFileReference; lastKnownFileType = "wrapper.plug-in"; path = UMSocialSDKResourcesNew.bundle; sourceTree = "<group>"; };
		575853DC19B5A02100C4218A /* zh-Hans */ = {isa = PBXFileReference; lastKnownFileType = text.plist.strings; name = "zh-Hans"; path = "zh-Hans.lproj/UMSocialLocalizable.strings"; sourceTree = "<group>"; };
		575853DF19B5A02100C4218A /* libSocialWechat.a */ = {isa = PBXFileReference; lastKnownFileType = archive.ar; path = libSocialWechat.a; sourceTree = "<group>"; };
		575853E019B5A02100C4218A /* libWeChatSDK.a */ = {isa = PBXFileReference; lastKnownFileType = archive.ar; path = libWeChatSDK.a; sourceTree = "<group>"; };
		575853E119B5A02100C4218A /* UMSocialWechatHandler.h */ = {isa = PBXFileReference; fileEncoding = 4; lastKnownFileType = sourcecode.c.h; path = UMSocialWechatHandler.h; sourceTree = "<group>"; };
		575853F419B5A94700C4218A /* ToolsViewController.h */ = {isa = PBXFileReference; fileEncoding = 4; lastKnownFileType = sourcecode.c.h; path = ToolsViewController.h; sourceTree = "<group>"; };
		575853F519B5A94700C4218A /* ToolsViewController.m */ = {isa = PBXFileReference; fileEncoding = 4; lastKnownFileType = sourcecode.c.objc; path = ToolsViewController.m; sourceTree = "<group>"; };
		575853F619B5A94700C4218A /* ToolsViewController.xib */ = {isa = PBXFileReference; fileEncoding = 4; lastKnownFileType = file.xib; path = ToolsViewController.xib; sourceTree = "<group>"; };
		580C39FE6277449DA3ED5EDB /* libPods.a */ = {isa = PBXFileReference; explicitFileType = archive.ar; includeInIndex = 0; path = libPods.a; sourceTree = BUILT_PRODUCTS_DIR; };
		E64C57EB79B243238277D272 /* Pods.xcconfig */ = {isa = PBXFileReference; includeInIndex = 1; lastKnownFileType = text.xcconfig; name = Pods.xcconfig; path = Pods/Pods.xcconfig; sourceTree = SOURCE_ROOT; };
		FD2825A116E9DD5100FC66BB /* PhotosCollectionViewController.h */ = {isa = PBXFileReference; fileEncoding = 4; lastKnownFileType = sourcecode.c.h; name = PhotosCollectionViewController.h; path = ../PhotosCollectionViewController.h; sourceTree = "<group>"; };
		FD2825A216E9DD5100FC66BB /* PhotosCollectionViewController.m */ = {isa = PBXFileReference; fileEncoding = 4; lastKnownFileType = sourcecode.c.objc; name = PhotosCollectionViewController.m; path = ../PhotosCollectionViewController.m; sourceTree = "<group>"; };
		FD288E6516F307E10068A2F5 /* CityListViewController.h */ = {isa = PBXFileReference; fileEncoding = 4; lastKnownFileType = sourcecode.c.h; name = CityListViewController.h; path = ../CityListViewController.h; sourceTree = "<group>"; };
		FD288E6616F307E10068A2F5 /* CityListViewController.m */ = {isa = PBXFileReference; fileEncoding = 4; lastKnownFileType = sourcecode.c.objc; name = CityListViewController.m; path = ../CityListViewController.m; sourceTree = "<group>"; };
		FD288E6716F307E10068A2F5 /* CityListViewController.xib */ = {isa = PBXFileReference; fileEncoding = 4; lastKnownFileType = file.xib; name = CityListViewController.xib; path = ../CityListViewController.xib; sourceTree = "<group>"; };
		FD3D3EA916DDE6AD002FA65F /* CoreLocation.framework */ = {isa = PBXFileReference; lastKnownFileType = wrapper.framework; name = CoreLocation.framework; path = System/Library/Frameworks/CoreLocation.framework; sourceTree = SDKROOT; };
		FD420B1616D66E3800300B26 /* PM25.app */ = {isa = PBXFileReference; explicitFileType = wrapper.application; includeInIndex = 0; path = PM25.app; sourceTree = BUILT_PRODUCTS_DIR; };
		FD420B1916D66E3800300B26 /* UIKit.framework */ = {isa = PBXFileReference; lastKnownFileType = wrapper.framework; name = UIKit.framework; path = System/Library/Frameworks/UIKit.framework; sourceTree = SDKROOT; };
		FD420B1B16D66E3800300B26 /* Foundation.framework */ = {isa = PBXFileReference; lastKnownFileType = wrapper.framework; name = Foundation.framework; path = System/Library/Frameworks/Foundation.framework; sourceTree = SDKROOT; };
		FD420B1D16D66E3800300B26 /* CoreGraphics.framework */ = {isa = PBXFileReference; lastKnownFileType = wrapper.framework; name = CoreGraphics.framework; path = System/Library/Frameworks/CoreGraphics.framework; sourceTree = SDKROOT; };
		FD420B2116D66E3800300B26 /* PM25-Info.plist */ = {isa = PBXFileReference; lastKnownFileType = text.plist.xml; path = "PM25-Info.plist"; sourceTree = "<group>"; };
		FD420B2316D66E3800300B26 /* en */ = {isa = PBXFileReference; lastKnownFileType = text.plist.strings; name = en; path = en.lproj/InfoPlist.strings; sourceTree = "<group>"; };
		FD420B2516D66E3800300B26 /* main.m */ = {isa = PBXFileReference; lastKnownFileType = sourcecode.c.objc; path = main.m; sourceTree = "<group>"; };
		FD420B2716D66E3800300B26 /* PM25-Prefix.pch */ = {isa = PBXFileReference; lastKnownFileType = sourcecode.c.h; path = "PM25-Prefix.pch"; sourceTree = "<group>"; };
		FD420B2816D66E3800300B26 /* PMAppDelegate.h */ = {isa = PBXFileReference; lastKnownFileType = sourcecode.c.h; path = PMAppDelegate.h; sourceTree = "<group>"; };
		FD420B2916D66E3800300B26 /* PMAppDelegate.m */ = {isa = PBXFileReference; lastKnownFileType = sourcecode.c.objc; path = PMAppDelegate.m; sourceTree = "<group>"; };
		FD420B2B16D66E3800300B26 /* Default.png */ = {isa = PBXFileReference; lastKnownFileType = image.png; path = Default.png; sourceTree = "<group>"; };
		FD420B2D16D66E3900300B26 /* Default@2x.png */ = {isa = PBXFileReference; lastKnownFileType = image.png; path = "Default@2x.png"; sourceTree = "<group>"; };
		FD420B2F16D66E3900300B26 /* Default-568h@2x.png */ = {isa = PBXFileReference; lastKnownFileType = image.png; path = "Default-568h@2x.png"; sourceTree = "<group>"; };
		FD420B3216D66E3900300B26 /* en */ = {isa = PBXFileReference; lastKnownFileType = file.storyboard; name = en; path = en.lproj/MainStoryboard.storyboard; sourceTree = "<group>"; };
		FD420B3416D66E3900300B26 /* PMViewController.h */ = {isa = PBXFileReference; lastKnownFileType = sourcecode.c.h; path = PMViewController.h; sourceTree = "<group>"; };
		FD420B3516D66E3900300B26 /* PMViewController.m */ = {isa = PBXFileReference; lastKnownFileType = sourcecode.c.objc; path = PMViewController.m; sourceTree = "<group>"; };
		FDC4997E16EDE21800F4CE84 /* AQIViewController.h */ = {isa = PBXFileReference; fileEncoding = 4; lastKnownFileType = sourcecode.c.h; path = AQIViewController.h; sourceTree = "<group>"; };
		FDC4997F16EDE21800F4CE84 /* AQIViewController.m */ = {isa = PBXFileReference; fileEncoding = 4; lastKnownFileType = sourcecode.c.objc; path = AQIViewController.m; sourceTree = "<group>"; };
		FDC4998016EDE21800F4CE84 /* AQIViewController.xib */ = {isa = PBXFileReference; fileEncoding = 4; lastKnownFileType = file.xib; path = AQIViewController.xib; sourceTree = "<group>"; };
		FDC4998316EE24E600F4CE84 /* AqiAPI.h */ = {isa = PBXFileReference; fileEncoding = 4; lastKnownFileType = sourcecode.c.h; path = AqiAPI.h; sourceTree = "<group>"; };
		FDC4998416EE24E600F4CE84 /* AqiAPI.m */ = {isa = PBXFileReference; fileEncoding = 4; lastKnownFileType = sourcecode.c.objc; path = AqiAPI.m; sourceTree = "<group>"; };
		FDDF980416F84BD9001BB249 /* table_bg.png */ = {isa = PBXFileReference; lastKnownFileType = image.png; path = table_bg.png; sourceTree = "<group>"; };
		FDDF980516F84BD9001BB249 /* table_bg@2X.png */ = {isa = PBXFileReference; lastKnownFileType = image.png; path = "table_bg@2X.png"; sourceTree = "<group>"; };
		FDEBF60016E98FA100D29534 /* background.jpg */ = {isa = PBXFileReference; lastKnownFileType = image.jpeg; path = background.jpg; sourceTree = "<group>"; };
		FDEBF60416E98FD500D29534 /* background@2x.jpg */ = {isa = PBXFileReference; lastKnownFileType = image.jpeg; path = "background@2x.jpg"; sourceTree = "<group>"; };
/* End PBXFileReference section */

/* Begin PBXFrameworksBuildPhase section */
		FD420B1316D66E3800300B26 /* Frameworks */ = {
			isa = PBXFrameworksBuildPhase;
			buildActionMask = 2147483647;
			files = (
				5758538819B56B8B00C4218A /* AssetsLibrary.framework in Frameworks */,
				575853E319B5A02100C4218A /* libUMSocial_Sdk_4.1.a in Frameworks */,
				575853EE19B5A02100C4218A /* libWeChatSDK.a in Frameworks */,
				FD3D3EAA16DDE6AD002FA65F /* CoreLocation.framework in Frameworks */,
				FD420B1A16D66E3800300B26 /* UIKit.framework in Frameworks */,
				FD420B1C16D66E3800300B26 /* Foundation.framework in Frameworks */,
				FD420B1E16D66E3800300B26 /* CoreGraphics.framework in Frameworks */,
				575853ED19B5A02100C4218A /* libSocialWechat.a in Frameworks */,
				45F614D28CBF4CB5BCD8A734 /* libPods.a in Frameworks */,
			);
			runOnlyForDeploymentPostprocessing = 0;
		};
/* End PBXFrameworksBuildPhase section */

/* Begin PBXGroup section */
		5758538919B56D7900C4218A /* Libraries */ = {
			isa = PBXGroup;
			children = (
				5758539219B5976500C4218A /* UmengShare */,
				5758538A19B56D7900C4218A /* ALAssetsLibrary_CustomPhotoAlbum */,
			);
			path = Libraries;
			sourceTree = "<group>";
		};
		5758538A19B56D7900C4218A /* ALAssetsLibrary_CustomPhotoAlbum */ = {
			isa = PBXGroup;
			children = (
				5758538B19B56D7900C4218A /* ALAssetsLibrary+CustomPhotoAlbum.h */,
				5758538C19B56D7900C4218A /* ALAssetsLibrary+CustomPhotoAlbum.m */,
			);
			path = ALAssetsLibrary_CustomPhotoAlbum;
			sourceTree = "<group>";
		};
		5758538E19B56F3200C4218A /* Resouces */ = {
			isa = PBXGroup;
			children = (
				5758538F19B56F3200C4218A /* Localization */,
			);
			path = Resouces;
			sourceTree = "<group>";
		};
		5758538F19B56F3200C4218A /* Localization */ = {
			isa = PBXGroup;
			children = (
				5758539019B56F6000C4218A /* Localizable.strings */,
			);
			path = Localization;
			sourceTree = "<group>";
		};
		5758539219B5976500C4218A /* UmengShare */ = {
			isa = PBXGroup;
			children = (
				575853C219B5A02100C4218A /* UMSocial_Sdk_4.1 */,
				575853DD19B5A02100C4218A /* UMSocial_Sdk_Extra_Frameworks */,
			);
			path = UmengShare;
			sourceTree = "<group>";
		};
		575853C219B5A02100C4218A /* UMSocial_Sdk_4.1 */ = {
			isa = PBXGroup;
			children = (
				575853C319B5A02100C4218A /* UMSocialLocalizable.strings */,
				575853C519B5A02100C4218A /* Header */,
				575853D119B5A02100C4218A /* libUMSocial_Sdk_4.1.a */,
				575853D219B5A02100C4218A /* SocialSDKXib */,
				575853DB19B5A02100C4218A /* UMSocialSDKResourcesNew.bundle */,
			);
			path = UMSocial_Sdk_4.1;
			sourceTree = "<group>";
		};
		575853C519B5A02100C4218A /* Header */ = {
			isa = PBXGroup;
			children = (
				575853C619B5A02100C4218A /* UMSocial.h */,
				575853C719B5A02100C4218A /* UMSocialAccountManager.h */,
				575853C819B5A02100C4218A /* UMSocialBar.h */,
				575853C919B5A02100C4218A /* UMSocialConfig.h */,
				575853CA19B5A02100C4218A /* UMSocialControllerService.h */,
				575853CB19B5A02100C4218A /* UMSocialControllerServiceComment.h */,
				575853CC19B5A02100C4218A /* UMSocialData.h */,
				575853CD19B5A02100C4218A /* UMSocialDataService.h */,
				575853CE19B5A02100C4218A /* UMSocialSnsData.h */,
				575853CF19B5A02100C4218A /* UMSocialSnsPlatformManager.h */,
				575853D019B5A02100C4218A /* UMSocialSnsService.h */,
			);
			path = Header;
			sourceTree = "<group>";
		};
		575853D219B5A02100C4218A /* SocialSDKXib */ = {
			isa = PBXGroup;
			children = (
				575853D319B5A02100C4218A /* UMSCommentDetailController.xib */,
				575853D419B5A02100C4218A /* UMSCommentInputController.xib */,
				575853D519B5A02100C4218A /* UMSCommentInputControlleriPad.xib */,
				575853D619B5A02100C4218A /* UMShareEditViewController.xib */,
				575853D719B5A02100C4218A /* UMShareEditViewControlleriPad.xib */,
				575853D819B5A02100C4218A /* UMSLoginViewController.xib */,
				575853D919B5A02100C4218A /* UMSnsAccountViewController.xib */,
				575853DA19B5A02100C4218A /* UMSShareListController.xib */,
			);
			path = SocialSDKXib;
			sourceTree = "<group>";
		};
		575853DD19B5A02100C4218A /* UMSocial_Sdk_Extra_Frameworks */ = {
			isa = PBXGroup;
			children = (
				575853DE19B5A02100C4218A /* Wechat */,
			);
			path = UMSocial_Sdk_Extra_Frameworks;
			sourceTree = "<group>";
		};
		575853DE19B5A02100C4218A /* Wechat */ = {
			isa = PBXGroup;
			children = (
				575853DF19B5A02100C4218A /* libSocialWechat.a */,
				575853E019B5A02100C4218A /* libWeChatSDK.a */,
				575853E119B5A02100C4218A /* UMSocialWechatHandler.h */,
			);
			path = Wechat;
			sourceTree = "<group>";
		};
		FD420B0D16D66E3800300B26 = {
			isa = PBXGroup;
			children = (
				FD3D3EA916DDE6AD002FA65F /* CoreLocation.framework */,
				FD420B1F16D66E3800300B26 /* PM25 */,
				FD420B1816D66E3800300B26 /* Frameworks */,
				FD420B1716D66E3800300B26 /* Products */,
				5758538919B56D7900C4218A /* Libraries */,
				5758538E19B56F3200C4218A /* Resouces */,
				E64C57EB79B243238277D272 /* Pods.xcconfig */,
			);
			sourceTree = "<group>";
		};
		FD420B1716D66E3800300B26 /* Products */ = {
			isa = PBXGroup;
			children = (
				FD420B1616D66E3800300B26 /* PM25.app */,
			);
			name = Products;
			sourceTree = "<group>";
		};
		FD420B1816D66E3800300B26 /* Frameworks */ = {
			isa = PBXGroup;
			children = (
				5758538719B56B8B00C4218A /* AssetsLibrary.framework */,
				FD420B1916D66E3800300B26 /* UIKit.framework */,
				FD420B1B16D66E3800300B26 /* Foundation.framework */,
				FD420B1D16D66E3800300B26 /* CoreGraphics.framework */,
				580C39FE6277449DA3ED5EDB /* libPods.a */,
			);
			name = Frameworks;
			sourceTree = "<group>";
		};
		FD420B1F16D66E3800300B26 /* PM25 */ = {
			isa = PBXGroup;
			children = (
				FD2825A116E9DD5100FC66BB /* PhotosCollectionViewController.h */,
				FD2825A216E9DD5100FC66BB /* PhotosCollectionViewController.m */,
				FD420B2816D66E3800300B26 /* PMAppDelegate.h */,
				FD420B2916D66E3800300B26 /* PMAppDelegate.m */,
				FD420B3116D66E3900300B26 /* MainStoryboard.storyboard */,
				FDC4998316EE24E600F4CE84 /* AqiAPI.h */,
				FDC4998416EE24E600F4CE84 /* AqiAPI.m */,
				FDC4997E16EDE21800F4CE84 /* AQIViewController.h */,
				FDC4997F16EDE21800F4CE84 /* AQIViewController.m */,
				FDC4998016EDE21800F4CE84 /* AQIViewController.xib */,
				FD420B3416D66E3900300B26 /* PMViewController.h */,
				FD420B3516D66E3900300B26 /* PMViewController.m */,
				FD288E6516F307E10068A2F5 /* CityListViewController.h */,
				FD288E6616F307E10068A2F5 /* CityListViewController.m */,
				FD288E6716F307E10068A2F5 /* CityListViewController.xib */,
				FD420B2016D66E3800300B26 /* Supporting Files */,
				574176E719AD8972005FA292 /* ActivityIndicator.h */,
				574176E819AD8972005FA292 /* ActivityIndicator.m */,
				574176EA19AD8F31005FA292 /* Constants.h */,
				574176EB19AD8F31005FA292 /* Constants.m */,
				5758538419B56A0C00C4218A /* PhotoUtil.h */,
				5758538519B56A0C00C4218A /* PhotoUtil.m */,
				575853F419B5A94700C4218A /* ToolsViewController.h */,
				575853F519B5A94700C4218A /* ToolsViewController.m */,
				575853F619B5A94700C4218A /* ToolsViewController.xib */,
			);
			path = PM25;
			sourceTree = "<group>";
		};
		FD420B2016D66E3800300B26 /* Supporting Files */ = {
			isa = PBXGroup;
			children = (
				5758538019B4A8B300C4218A /* share@2x.png */,
				5758538119B4A8B300C4218A /* share.png */,
				5758537C19B48F7300C4218A /* brush.png */,
				5758537D19B48F7300C4218A /* brush@2x.png */,
				5758537819B48EAF00C4218A /* sync@2x.png */,
				5758537919B48EAF00C4218A /* sync.png */,
				574176F119AF2D43005FA292 /* Icon.png */,
				574176F219AF2D43005FA292 /* Icon@2x.png */,
				FDDF980416F84BD9001BB249 /* table_bg.png */,
				FDDF980516F84BD9001BB249 /* table_bg@2X.png */,
				FDEBF60416E98FD500D29534 /* background@2x.jpg */,
				FDEBF60016E98FA100D29534 /* background.jpg */,
				FD420B2116D66E3800300B26 /* PM25-Info.plist */,
				FD420B2216D66E3800300B26 /* InfoPlist.strings */,
				FD420B2516D66E3800300B26 /* main.m */,
				FD420B2716D66E3800300B26 /* PM25-Prefix.pch */,
				FD420B2B16D66E3800300B26 /* Default.png */,
				FD420B2D16D66E3900300B26 /* Default@2x.png */,
				FD420B2F16D66E3900300B26 /* Default-568h@2x.png */,
			);
			name = "Supporting Files";
			sourceTree = "<group>";
		};
/* End PBXGroup section */

/* Begin PBXNativeTarget section */
		FD420B1516D66E3800300B26 /* PM25 */ = {
			isa = PBXNativeTarget;
			buildConfigurationList = FD420B3916D66E3900300B26 /* Build configuration list for PBXNativeTarget "PM25" */;
			buildPhases = (
				FD420B1216D66E3800300B26 /* Sources */,
				FD420B1316D66E3800300B26 /* Frameworks */,
				FD420B1416D66E3800300B26 /* Resources */,
				CADC0704A76948E9AAA60007 /* Copy Pods Resources */,
			);
			buildRules = (
			);
			dependencies = (
			);
			name = PM25;
			productName = PM25;
			productReference = FD420B1616D66E3800300B26 /* PM25.app */;
			productType = "com.apple.product-type.application";
		};
/* End PBXNativeTarget section */

/* Begin PBXProject section */
		FD420B0E16D66E3800300B26 /* Project object */ = {
			isa = PBXProject;
			attributes = {
				CLASSPREFIX = PM;
				LastUpgradeCheck = 0460;
				ORGANIZATIONNAME = BlueTiger;
				TargetAttributes = {
					FD420B1516D66E3800300B26 = {
						DevelopmentTeam = SN6M95RUZ9;
					};
				};
			};
			buildConfigurationList = FD420B1116D66E3800300B26 /* Build configuration list for PBXProject "PM25" */;
			compatibilityVersion = "Xcode 3.2";
			developmentRegion = English;
			hasScannedForEncodings = 0;
			knownRegions = (
				en,
				"zh-Hans",
			);
			mainGroup = FD420B0D16D66E3800300B26;
			productRefGroup = FD420B1716D66E3800300B26 /* Products */;
			projectDirPath = "";
			projectRoot = "";
			targets = (
				FD420B1516D66E3800300B26 /* PM25 */,
			);
		};
/* End PBXProject section */

/* Begin PBXResourcesBuildPhase section */
		FD420B1416D66E3800300B26 /* Resources */ = {
			isa = PBXResourcesBuildPhase;
			buildActionMask = 2147483647;
			files = (
				575853E219B5A02100C4218A /* UMSocialLocalizable.strings in Resources */,
				574176F319AF2D43005FA292 /* Icon.png in Resources */,
				5758537A19B48EAF00C4218A /* sync@2x.png in Resources */,
				FD420B2416D66E3800300B26 /* InfoPlist.strings in Resources */,
				5758538319B4A8B300C4218A /* share.png in Resources */,
				575853EB19B5A02100C4218A /* UMSShareListController.xib in Resources */,
				575853EC19B5A02100C4218A /* UMSocialSDKResourcesNew.bundle in Resources */,
				5758537B19B48EAF00C4218A /* sync.png in Resources */,
				FD420B2C16D66E3800300B26 /* Default.png in Resources */,
				FD420B2E16D66E3900300B26 /* Default@2x.png in Resources */,
				575853E619B5A02100C4218A /* UMSCommentInputControlleriPad.xib in Resources */,
				575853E419B5A02100C4218A /* UMSCommentDetailController.xib in Resources */,
				FD420B3016D66E3900300B26 /* Default-568h@2x.png in Resources */,
				FD420B3316D66E3900300B26 /* MainStoryboard.storyboard in Resources */,
				575853E919B5A02100C4218A /* UMSLoginViewController.xib in Resources */,
				FDEBF60216E98FA100D29534 /* background.jpg in Resources */,
				574176F419AF2D43005FA292 /* Icon@2x.png in Resources */,
				FDEBF60516E98FD500D29534 /* background@2x.jpg in Resources */,
				5758538219B4A8B300C4218A /* share@2x.png in Resources */,
				FDC4998216EDE21900F4CE84 /* AQIViewController.xib in Resources */,
				5758539119B56F6000C4218A /* Localizable.strings in Resources */,
				5758537E19B48F7300C4218A /* brush.png in Resources */,
				575853E519B5A02100C4218A /* UMSCommentInputController.xib in Resources */,
				575853EA19B5A02100C4218A /* UMSnsAccountViewController.xib in Resources */,
				575853F819B5A94700C4218A /* ToolsViewController.xib in Resources */,
				5758537F19B48F7300C4218A /* brush@2x.png in Resources */,
				FD288E6916F307E10068A2F5 /* CityListViewController.xib in Resources */,
				575853E819B5A02100C4218A /* UMShareEditViewControlleriPad.xib in Resources */,
				FDDF980616F84BD9001BB249 /* table_bg.png in Resources */,
				575853E719B5A02100C4218A /* UMShareEditViewController.xib in Resources */,
				FDDF980716F84BD9001BB249 /* table_bg@2X.png in Resources */,
			);
			runOnlyForDeploymentPostprocessing = 0;
		};
/* End PBXResourcesBuildPhase section */

/* Begin PBXShellScriptBuildPhase section */
		CADC0704A76948E9AAA60007 /* Copy Pods Resources */ = {
			isa = PBXShellScriptBuildPhase;
			buildActionMask = 2147483647;
			files = (
			);
			inputPaths = (
			);
			name = "Copy Pods Resources";
			outputPaths = (
			);
			runOnlyForDeploymentPostprocessing = 0;
			shellPath = /bin/sh;
			shellScript = "\"${SRCROOT}/Pods/Pods-resources.sh\"\n";
		};
/* End PBXShellScriptBuildPhase section */

/* Begin PBXSourcesBuildPhase section */
		FD420B1216D66E3800300B26 /* Sources */ = {
			isa = PBXSourcesBuildPhase;
			buildActionMask = 2147483647;
			files = (
				FD420B2616D66E3800300B26 /* main.m in Sources */,
				FD420B2A16D66E3800300B26 /* PMAppDelegate.m in Sources */,
				FD420B3616D66E3900300B26 /* PMViewController.m in Sources */,
				FD2825A316E9DD5100FC66BB /* PhotosCollectionViewController.m in Sources */,
				FDC4998116EDE21900F4CE84 /* AQIViewController.m in Sources */,
				574176EC19AD8F31005FA292 /* Constants.m in Sources */,
				574176E919AD8972005FA292 /* ActivityIndicator.m in Sources */,
				FDC4998516EE24E600F4CE84 /* AqiAPI.m in Sources */,
				575853F719B5A94700C4218A /* ToolsViewController.m in Sources */,
				5758538619B56A0C00C4218A /* PhotoUtil.m in Sources */,
				FD288E6816F307E10068A2F5 /* CityListViewController.m in Sources */,
				5758538D19B56D7900C4218A /* ALAssetsLibrary+CustomPhotoAlbum.m in Sources */,
			);
			runOnlyForDeploymentPostprocessing = 0;
		};
/* End PBXSourcesBuildPhase section */

/* Begin PBXVariantGroup section */
		575853C319B5A02100C4218A /* UMSocialLocalizable.strings */ = {
			isa = PBXVariantGroup;
			children = (
				575853C419B5A02100C4218A /* en */,
				575853DC19B5A02100C4218A /* zh-Hans */,
			);
			name = UMSocialLocalizable.strings;
			sourceTree = "<group>";
		};
		FD420B2216D66E3800300B26 /* InfoPlist.strings */ = {
			isa = PBXVariantGroup;
			children = (
				FD420B2316D66E3800300B26 /* en */,
			);
			name = InfoPlist.strings;
			sourceTree = "<group>";
		};
		FD420B3116D66E3900300B26 /* MainStoryboard.storyboard */ = {
			isa = PBXVariantGroup;
			children = (
				FD420B3216D66E3900300B26 /* en */,
			);
			name = MainStoryboard.storyboard;
			sourceTree = "<group>";
		};
/* End PBXVariantGroup section */

/* Begin XCBuildConfiguration section */
		FD420B3716D66E3900300B26 /* Debug */ = {
			isa = XCBuildConfiguration;
			buildSettings = {
				ALWAYS_SEARCH_USER_PATHS = NO;
				CLANG_CXX_LANGUAGE_STANDARD = "gnu++0x";
				CLANG_CXX_LIBRARY = "libc++";
				CLANG_ENABLE_OBJC_ARC = YES;
				CLANG_WARN_CONSTANT_CONVERSION = YES;
				CLANG_WARN_EMPTY_BODY = YES;
				CLANG_WARN_ENUM_CONVERSION = YES;
				CLANG_WARN_INT_CONVERSION = YES;
				CLANG_WARN__DUPLICATE_METHOD_MATCH = YES;
				"CODE_SIGN_IDENTITY[sdk=iphoneos*]" = "iPhone Distribution: xu yannan (SN6M95RUZ9)";
				COPY_PHASE_STRIP = NO;
				GCC_C_LANGUAGE_STANDARD = gnu99;
				GCC_DYNAMIC_NO_PIC = NO;
				GCC_OPTIMIZATION_LEVEL = 0;
				GCC_PREPROCESSOR_DEFINITIONS = (
					"DEBUG=1",
					"$(inherited)",
				);
				GCC_SYMBOLS_PRIVATE_EXTERN = NO;
				GCC_WARN_ABOUT_RETURN_TYPE = YES;
				GCC_WARN_UNINITIALIZED_AUTOS = YES;
				GCC_WARN_UNUSED_VARIABLE = YES;
				IPHONEOS_DEPLOYMENT_TARGET = 6.1;
				ONLY_ACTIVE_ARCH = NO;
				SDKROOT = iphoneos;
			};
			name = Debug;
		};
		FD420B3816D66E3900300B26 /* Release */ = {
			isa = XCBuildConfiguration;
			buildSettings = {
				ALWAYS_SEARCH_USER_PATHS = NO;
				CLANG_CXX_LANGUAGE_STANDARD = "gnu++0x";
				CLANG_CXX_LIBRARY = "libc++";
				CLANG_ENABLE_OBJC_ARC = YES;
				CLANG_WARN_CONSTANT_CONVERSION = YES;
				CLANG_WARN_EMPTY_BODY = YES;
				CLANG_WARN_ENUM_CONVERSION = YES;
				CLANG_WARN_INT_CONVERSION = YES;
				CLANG_WARN__DUPLICATE_METHOD_MATCH = YES;
				"CODE_SIGN_IDENTITY[sdk=iphoneos*]" = "iPhone Distribution: xu yannan (SN6M95RUZ9)";
				COPY_PHASE_STRIP = YES;
				GCC_C_LANGUAGE_STANDARD = gnu99;
				GCC_WARN_ABOUT_RETURN_TYPE = YES;
				GCC_WARN_UNINITIALIZED_AUTOS = YES;
				GCC_WARN_UNUSED_VARIABLE = YES;
				IPHONEOS_DEPLOYMENT_TARGET = 6.1;
				OTHER_CFLAGS = "-DNS_BLOCK_ASSERTIONS=1";
				PROVISIONING_PROFILE = "b0c9dced-e77e-4952-ac80-a8146dc9cedc";
				SDKROOT = iphoneos;
				VALIDATE_PRODUCT = YES;
			};
			name = Release;
		};
		FD420B3A16D66E3900300B26 /* Debug */ = {
			isa = XCBuildConfiguration;
			baseConfigurationReference = E64C57EB79B243238277D272 /* Pods.xcconfig */;
			buildSettings = {
				CODE_SIGN_IDENTITY = "iPhone Developer";
				"CODE_SIGN_IDENTITY[sdk=iphoneos*]" = "iPhone Developer";
				GCC_PRECOMPILE_PREFIX_HEADER = YES;
				GCC_PREFIX_HEADER = "PM25/PM25-Prefix.pch";
				INFOPLIST_FILE = "PM25/PM25-Info.plist";
				LIBRARY_SEARCH_PATHS = (
					"$(inherited)",
					"$(PROJECT_DIR)/Libraries/UmengShare/UMSocial_Sdk_4.1",
					"$(PROJECT_DIR)/Libraries/UmengShare/UMSocial_Sdk_Extra_Frameworks/Wechat",
				);
				OTHER_LDFLAGS = (
					"-ObjC",
					"-lsqlite3",
					"-framework",
					CFNetwork,
					"-framework",
					SystemConfiguration,
					"-lxml2",
				);
				PRODUCT_NAME = "$(TARGET_NAME)";
				PROVISIONING_PROFILE = "";
				USER_HEADER_SEARCH_PATHS = /user/include/libxml2;
				WRAPPER_EXTENSION = app;
			};
			name = Debug;
		};
		FD420B3B16D66E3900300B26 /* Release */ = {
			isa = XCBuildConfiguration;
			baseConfigurationReference = E64C57EB79B243238277D272 /* Pods.xcconfig */;
			buildSettings = {
				CODE_SIGN_IDENTITY = "iPhone Developer";
				"CODE_SIGN_IDENTITY[sdk=iphoneos*]" = "iPhone Developer";
				GCC_PRECOMPILE_PREFIX_HEADER = YES;
				GCC_PREFIX_HEADER = "PM25/PM25-Prefix.pch";
				INFOPLIST_FILE = "PM25/PM25-Info.plist";
				LIBRARY_SEARCH_PATHS = (
					"$(inherited)",
					"$(PROJECT_DIR)/Libraries/UmengShare/UMSocial_Sdk_4.1",
					"$(PROJECT_DIR)/Libraries/UmengShare/UMSocial_Sdk_Extra_Frameworks/Wechat",
				);
				OTHER_LDFLAGS = (
					"-ObjC",
					"-lsqlite3",
					"-framework",
					CFNetwork,
					"-framework",
					SystemConfiguration,
					"-lxml2",
				);
				PRODUCT_NAME = "$(TARGET_NAME)";
				PROVISIONING_PROFILE = "";
				USER_HEADER_SEARCH_PATHS = /user/include/libxml2;
				WRAPPER_EXTENSION = app;
			};
			name = Release;
		};
/* End XCBuildConfiguration section */

/* Begin XCConfigurationList section */
		FD420B1116D66E3800300B26 /* Build configuration list for PBXProject "PM25" */ = {
			isa = XCConfigurationList;
			buildConfigurations = (
				FD420B3716D66E3900300B26 /* Debug */,
				FD420B3816D66E3900300B26 /* Release */,
			);
			defaultConfigurationIsVisible = 0;
			defaultConfigurationName = Release;
		};
		FD420B3916D66E3900300B26 /* Build configuration list for PBXNativeTarget "PM25" */ = {
			isa = XCConfigurationList;
			buildConfigurations = (
				FD420B3A16D66E3900300B26 /* Debug */,
				FD420B3B16D66E3900300B26 /* Release */,
			);
			defaultConfigurationIsVisible = 0;
			defaultConfigurationName = Release;
		};
/* End XCConfigurationList section */
	};
	rootObject = FD420B0E16D66E3800300B26 /* Project object */;
}
