// !$*UTF8*$!
{
	archiveVersion = 1;
	classes = {
	};
	objectVersion = 46;
	objects = {

/* Begin PBXBuildFile section */
		45F614D28CBF4CB5BCD8A734 /* libPods.a in Frameworks */ = {isa = PBXBuildFile; fileRef = 580C39FE6277449DA3ED5EDB /* libPods.a */; };
		FD28259B16E9C42100FC66BB /* refresh.png in Resources */ = {isa = PBXBuildFile; fileRef = FD28259916E9C42100FC66BB /* refresh.png */; };
		FD28259C16E9C42100FC66BB /* refresh@2x.png in Resources */ = {isa = PBXBuildFile; fileRef = FD28259A16E9C42100FC66BB /* refresh@2x.png */; };
		FD28259F16E9D38B00FC66BB /* gear.png in Resources */ = {isa = PBXBuildFile; fileRef = FD28259D16E9D38B00FC66BB /* gear.png */; };
		FD2825A016E9D38B00FC66BB /* gear@2x.png in Resources */ = {isa = PBXBuildFile; fileRef = FD28259E16E9D38B00FC66BB /* gear@2x.png */; };
		FD2825A316E9DD5100FC66BB /* PhotosCollectionViewController.m in Sources */ = {isa = PBXBuildFile; fileRef = FD2825A216E9DD5100FC66BB /* PhotosCollectionViewController.m */; };
		FD3D3EA816DCBA7D002FA65F /* loading.gif in Resources */ = {isa = PBXBuildFile; fileRef = FD3D3EA716DCBA7D002FA65F /* loading.gif */; };
		FD3D3EAA16DDE6AD002FA65F /* CoreLocation.framework in Frameworks */ = {isa = PBXBuildFile; fileRef = FD3D3EA916DDE6AD002FA65F /* CoreLocation.framework */; };
		FD3D3EAD16DED7B4002FA65F /* PMConfigItem.m in Sources */ = {isa = PBXBuildFile; fileRef = FD3D3EAC16DED7B4002FA65F /* PMConfigItem.m */; };
		FD420B1A16D66E3800300B26 /* UIKit.framework in Frameworks */ = {isa = PBXBuildFile; fileRef = FD420B1916D66E3800300B26 /* UIKit.framework */; };
		FD420B1C16D66E3800300B26 /* Foundation.framework in Frameworks */ = {isa = PBXBuildFile; fileRef = FD420B1B16D66E3800300B26 /* Foundation.framework */; };
		FD420B1E16D66E3800300B26 /* CoreGraphics.framework in Frameworks */ = {isa = PBXBuildFile; fileRef = FD420B1D16D66E3800300B26 /* CoreGraphics.framework */; };
		FD420B2416D66E3800300B26 /* InfoPlist.strings in Resources */ = {isa = PBXBuildFile; fileRef = FD420B2216D66E3800300B26 /* InfoPlist.strings */; };
		FD420B2616D66E3800300B26 /* main.m in Sources */ = {isa = PBXBuildFile; fileRef = FD420B2516D66E3800300B26 /* main.m */; };
		FD420B2A16D66E3800300B26 /* PMAppDelegate.m in Sources */ = {isa = PBXBuildFile; fileRef = FD420B2916D66E3800300B26 /* PMAppDelegate.m */; };
		FD420B2C16D66E3800300B26 /* Default.png in Resources */ = {isa = PBXBuildFile; fileRef = FD420B2B16D66E3800300B26 /* Default.png */; };
		FD420B2E16D66E3900300B26 /* Default@2x.png in Resources */ = {isa = PBXBuildFile; fileRef = FD420B2D16D66E3900300B26 /* Default@2x.png */; };
		FD420B3016D66E3900300B26 /* Default-568h@2x.png in Resources */ = {isa = PBXBuildFile; fileRef = FD420B2F16D66E3900300B26 /* Default-568h@2x.png */; };
		FD420B3316D66E3900300B26 /* MainStoryboard.storyboard in Resources */ = {isa = PBXBuildFile; fileRef = FD420B3116D66E3900300B26 /* MainStoryboard.storyboard */; };
		FD420B3616D66E3900300B26 /* PMViewController.m in Sources */ = {isa = PBXBuildFile; fileRef = FD420B3516D66E3900300B26 /* PMViewController.m */; };
		FD420B3F16D7136800300B26 /* ConfigViewController.m in Sources */ = {isa = PBXBuildFile; fileRef = FD420B3E16D7136800300B26 /* ConfigViewController.m */; };
		FD420B4216D7205C00300B26 /* PMTimeConfigViewContoller.m in Sources */ = {isa = PBXBuildFile; fileRef = FD420B4116D7205C00300B26 /* PMTimeConfigViewContoller.m */; };
		FD420B4516D778F000300B26 /* PMFrequencyConfigViewController.m in Sources */ = {isa = PBXBuildFile; fileRef = FD420B4416D778F000300B26 /* PMFrequencyConfigViewController.m */; };
		FDC4996716ED5F3F00F4CE84 /* background2.jpg in Resources */ = {isa = PBXBuildFile; fileRef = FDC4996516ED5F3F00F4CE84 /* background2.jpg */; };
		FDC4996816ED5F3F00F4CE84 /* background2@2x.jpg in Resources */ = {isa = PBXBuildFile; fileRef = FDC4996616ED5F3F00F4CE84 /* background2@2x.jpg */; };
		FDC4996B16ED60F300F4CE84 /* background3.jpg in Resources */ = {isa = PBXBuildFile; fileRef = FDC4996916ED60F300F4CE84 /* background3.jpg */; };
		FDC4996C16ED60F300F4CE84 /* background3@2x.jpg in Resources */ = {isa = PBXBuildFile; fileRef = FDC4996A16ED60F300F4CE84 /* background3@2x.jpg */; };
		FDC4997316EDD01700F4CE84 /* checkmark.png in Resources */ = {isa = PBXBuildFile; fileRef = FDC4997116EDD01700F4CE84 /* checkmark.png */; };
		FDC4997416EDD01700F4CE84 /* checkmark@2x.png in Resources */ = {isa = PBXBuildFile; fileRef = FDC4997216EDD01700F4CE84 /* checkmark@2x.png */; };
		FDC4997716EDD2FC00F4CE84 /* sunset.jpg in Resources */ = {isa = PBXBuildFile; fileRef = FDC4997516EDD2FC00F4CE84 /* sunset.jpg */; };
		FDC4997816EDD2FC00F4CE84 /* sunset@2x.jpg in Resources */ = {isa = PBXBuildFile; fileRef = FDC4997616EDD2FC00F4CE84 /* sunset@2x.jpg */; };
		FDC4997A16EDDE3500F4CE84 /* AQI.xib in Resources */ = {isa = PBXBuildFile; fileRef = FDC4997916EDDE3500F4CE84 /* AQI.xib */; };
		FDC4997D16EDDEFF00F4CE84 /* AQIView.m in Sources */ = {isa = PBXBuildFile; fileRef = FDC4997C16EDDEFF00F4CE84 /* AQIView.m */; };
		FDE6FB7F16E5EBF20070107E /* air_57.png in Resources */ = {isa = PBXBuildFile; fileRef = FDE6FB7E16E5EBF20070107E /* air_57.png */; };
		FDE6FB8116E5EBF70070107E /* air_114.png in Resources */ = {isa = PBXBuildFile; fileRef = FDE6FB8016E5EBF70070107E /* air_114.png */; };
		FDEBF60216E98FA100D29534 /* background.jpg in Resources */ = {isa = PBXBuildFile; fileRef = FDEBF60016E98FA100D29534 /* background.jpg */; };
		FDEBF60516E98FD500D29534 /* background@2x.jpg in Resources */ = {isa = PBXBuildFile; fileRef = FDEBF60416E98FD500D29534 /* background@2x.jpg */; };
/* End PBXBuildFile section */

/* Begin PBXFileReference section */
		580C39FE6277449DA3ED5EDB /* libPods.a */ = {isa = PBXFileReference; explicitFileType = archive.ar; includeInIndex = 0; path = libPods.a; sourceTree = BUILT_PRODUCTS_DIR; };
		E64C57EB79B243238277D272 /* Pods.xcconfig */ = {isa = PBXFileReference; includeInIndex = 1; lastKnownFileType = text.xcconfig; name = Pods.xcconfig; path = Pods/Pods.xcconfig; sourceTree = SOURCE_ROOT; };
		FD28259916E9C42100FC66BB /* refresh.png */ = {isa = PBXFileReference; lastKnownFileType = image.png; path = refresh.png; sourceTree = "<group>"; };
		FD28259A16E9C42100FC66BB /* refresh@2x.png */ = {isa = PBXFileReference; lastKnownFileType = image.png; path = "refresh@2x.png"; sourceTree = "<group>"; };
		FD28259D16E9D38B00FC66BB /* gear.png */ = {isa = PBXFileReference; lastKnownFileType = image.png; path = gear.png; sourceTree = "<group>"; };
		FD28259E16E9D38B00FC66BB /* gear@2x.png */ = {isa = PBXFileReference; lastKnownFileType = image.png; path = "gear@2x.png"; sourceTree = "<group>"; };
		FD2825A116E9DD5100FC66BB /* PhotosCollectionViewController.h */ = {isa = PBXFileReference; fileEncoding = 4; lastKnownFileType = sourcecode.c.h; name = PhotosCollectionViewController.h; path = ../PhotosCollectionViewController.h; sourceTree = "<group>"; };
		FD2825A216E9DD5100FC66BB /* PhotosCollectionViewController.m */ = {isa = PBXFileReference; fileEncoding = 4; lastKnownFileType = sourcecode.c.objc; name = PhotosCollectionViewController.m; path = ../PhotosCollectionViewController.m; sourceTree = "<group>"; };
		FD3D3EA716DCBA7D002FA65F /* loading.gif */ = {isa = PBXFileReference; lastKnownFileType = image.gif; path = loading.gif; sourceTree = "<group>"; };
		FD3D3EA916DDE6AD002FA65F /* CoreLocation.framework */ = {isa = PBXFileReference; lastKnownFileType = wrapper.framework; name = CoreLocation.framework; path = System/Library/Frameworks/CoreLocation.framework; sourceTree = SDKROOT; };
		FD3D3EAB16DED7B4002FA65F /* PMConfigItem.h */ = {isa = PBXFileReference; fileEncoding = 4; lastKnownFileType = sourcecode.c.h; path = PMConfigItem.h; sourceTree = "<group>"; };
		FD3D3EAC16DED7B4002FA65F /* PMConfigItem.m */ = {isa = PBXFileReference; fileEncoding = 4; lastKnownFileType = sourcecode.c.objc; path = PMConfigItem.m; sourceTree = "<group>"; };
		FD420B1616D66E3800300B26 /* PM25.app */ = {isa = PBXFileReference; explicitFileType = wrapper.application; includeInIndex = 0; path = PM25.app; sourceTree = BUILT_PRODUCTS_DIR; };
		FD420B1916D66E3800300B26 /* UIKit.framework */ = {isa = PBXFileReference; lastKnownFileType = wrapper.framework; name = UIKit.framework; path = System/Library/Frameworks/UIKit.framework; sourceTree = SDKROOT; };
		FD420B1B16D66E3800300B26 /* Foundation.framework */ = {isa = PBXFileReference; lastKnownFileType = wrapper.framework; name = Foundation.framework; path = System/Library/Frameworks/Foundation.framework; sourceTree = SDKROOT; };
		FD420B1D16D66E3800300B26 /* CoreGraphics.framework */ = {isa = PBXFileReference; lastKnownFileType = wrapper.framework; name = CoreGraphics.framework; path = System/Library/Frameworks/CoreGraphics.framework; sourceTree = SDKROOT; };
		FD420B2116D66E3800300B26 /* PM25-Info.plist */ = {isa = PBXFileReference; lastKnownFileType = text.plist.xml; path = "PM25-Info.plist"; sourceTree = "<group>"; };
		FD420B2316D66E3800300B26 /* en */ = {isa = PBXFileReference; lastKnownFileType = text.plist.strings; name = en; path = en.lproj/InfoPlist.strings; sourceTree = "<group>"; };
		FD420B2516D66E3800300B26 /* main.m */ = {isa = PBXFileReference; lastKnownFileType = sourcecode.c.objc; path = main.m; sourceTree = "<group>"; };
		FD420B2716D66E3800300B26 /* PM25-Prefix.pch */ = {isa = PBXFileReference; lastKnownFileType = sourcecode.c.h; path = "PM25-Prefix.pch"; sourceTree = "<group>"; };
		FD420B2816D66E3800300B26 /* PMAppDelegate.h */ = {isa = PBXFileReference; lastKnownFileType = sourcecode.c.h; path = PMAppDelegate.h; sourceTree = "<group>"; };
		FD420B2916D66E3800300B26 /* PMAppDelegate.m */ = {isa = PBXFileReference; lastKnownFileType = sourcecode.c.objc; path = PMAppDelegate.m; sourceTree = "<group>"; };
		FD420B2B16D66E3800300B26 /* Default.png */ = {isa = PBXFileReference; lastKnownFileType = image.png; path = Default.png; sourceTree = "<group>"; };
		FD420B2D16D66E3900300B26 /* Default@2x.png */ = {isa = PBXFileReference; lastKnownFileType = image.png; path = "Default@2x.png"; sourceTree = "<group>"; };
		FD420B2F16D66E3900300B26 /* Default-568h@2x.png */ = {isa = PBXFileReference; lastKnownFileType = image.png; path = "Default-568h@2x.png"; sourceTree = "<group>"; };
		FD420B3216D66E3900300B26 /* en */ = {isa = PBXFileReference; lastKnownFileType = file.storyboard; name = en; path = en.lproj/MainStoryboard.storyboard; sourceTree = "<group>"; };
		FD420B3416D66E3900300B26 /* PMViewController.h */ = {isa = PBXFileReference; lastKnownFileType = sourcecode.c.h; path = PMViewController.h; sourceTree = "<group>"; };
		FD420B3516D66E3900300B26 /* PMViewController.m */ = {isa = PBXFileReference; lastKnownFileType = sourcecode.c.objc; path = PMViewController.m; sourceTree = "<group>"; };
		FD420B3D16D7136800300B26 /* ConfigViewController.h */ = {isa = PBXFileReference; fileEncoding = 4; lastKnownFileType = sourcecode.c.h; name = ConfigViewController.h; path = ../ConfigViewController.h; sourceTree = "<group>"; };
		FD420B3E16D7136800300B26 /* ConfigViewController.m */ = {isa = PBXFileReference; fileEncoding = 4; lastKnownFileType = sourcecode.c.objc; name = ConfigViewController.m; path = ../ConfigViewController.m; sourceTree = "<group>"; };
		FD420B4016D7205C00300B26 /* PMTimeConfigViewContoller.h */ = {isa = PBXFileReference; fileEncoding = 4; lastKnownFileType = sourcecode.c.h; path = PMTimeConfigViewContoller.h; sourceTree = "<group>"; };
		FD420B4116D7205C00300B26 /* PMTimeConfigViewContoller.m */ = {isa = PBXFileReference; fileEncoding = 4; lastKnownFileType = sourcecode.c.objc; path = PMTimeConfigViewContoller.m; sourceTree = "<group>"; };
		FD420B4316D778F000300B26 /* PMFrequencyConfigViewController.h */ = {isa = PBXFileReference; fileEncoding = 4; lastKnownFileType = sourcecode.c.h; path = PMFrequencyConfigViewController.h; sourceTree = "<group>"; };
		FD420B4416D778F000300B26 /* PMFrequencyConfigViewController.m */ = {isa = PBXFileReference; fileEncoding = 4; lastKnownFileType = sourcecode.c.objc; path = PMFrequencyConfigViewController.m; sourceTree = "<group>"; };
		FDB5A50716DB4BE7004BC936 /* PMDbTool.h */ = {isa = PBXFileReference; lastKnownFileType = sourcecode.c.h; path = PMDbTool.h; sourceTree = "<group>"; };
		FDC4996516ED5F3F00F4CE84 /* background2.jpg */ = {isa = PBXFileReference; lastKnownFileType = image.jpeg; path = background2.jpg; sourceTree = "<group>"; };
		FDC4996616ED5F3F00F4CE84 /* background2@2x.jpg */ = {isa = PBXFileReference; lastKnownFileType = image.jpeg; path = "background2@2x.jpg"; sourceTree = "<group>"; };
		FDC4996916ED60F300F4CE84 /* background3.jpg */ = {isa = PBXFileReference; lastKnownFileType = image.jpeg; path = background3.jpg; sourceTree = "<group>"; };
		FDC4996A16ED60F300F4CE84 /* background3@2x.jpg */ = {isa = PBXFileReference; lastKnownFileType = image.jpeg; path = "background3@2x.jpg"; sourceTree = "<group>"; };
		FDC4997116EDD01700F4CE84 /* checkmark.png */ = {isa = PBXFileReference; lastKnownFileType = image.png; path = checkmark.png; sourceTree = "<group>"; };
		FDC4997216EDD01700F4CE84 /* checkmark@2x.png */ = {isa = PBXFileReference; lastKnownFileType = image.png; path = "checkmark@2x.png"; sourceTree = "<group>"; };
		FDC4997516EDD2FC00F4CE84 /* sunset.jpg */ = {isa = PBXFileReference; lastKnownFileType = image.jpeg; path = sunset.jpg; sourceTree = "<group>"; };
		FDC4997616EDD2FC00F4CE84 /* sunset@2x.jpg */ = {isa = PBXFileReference; lastKnownFileType = image.jpeg; path = "sunset@2x.jpg"; sourceTree = "<group>"; };
		FDC4997916EDDE3500F4CE84 /* AQI.xib */ = {isa = PBXFileReference; fileEncoding = 4; lastKnownFileType = file.xib; path = AQI.xib; sourceTree = "<group>"; };
		FDC4997B16EDDEFF00F4CE84 /* AQIView.h */ = {isa = PBXFileReference; fileEncoding = 4; lastKnownFileType = sourcecode.c.h; path = AQIView.h; sourceTree = "<group>"; };
		FDC4997C16EDDEFF00F4CE84 /* AQIView.m */ = {isa = PBXFileReference; fileEncoding = 4; lastKnownFileType = sourcecode.c.objc; path = AQIView.m; sourceTree = "<group>"; };
		FDE6FB7E16E5EBF20070107E /* air_57.png */ = {isa = PBXFileReference; lastKnownFileType = image.png; name = air_57.png; path = ../air_57.png; sourceTree = "<group>"; };
		FDE6FB8016E5EBF70070107E /* air_114.png */ = {isa = PBXFileReference; lastKnownFileType = image.png; name = air_114.png; path = ../air_114.png; sourceTree = "<group>"; };
		FDEBF60016E98FA100D29534 /* background.jpg */ = {isa = PBXFileReference; lastKnownFileType = image.jpeg; path = background.jpg; sourceTree = "<group>"; };
		FDEBF60416E98FD500D29534 /* background@2x.jpg */ = {isa = PBXFileReference; lastKnownFileType = image.jpeg; path = "background@2x.jpg"; sourceTree = "<group>"; };
/* End PBXFileReference section */

/* Begin PBXFrameworksBuildPhase section */
		FD420B1316D66E3800300B26 /* Frameworks */ = {
			isa = PBXFrameworksBuildPhase;
			buildActionMask = 2147483647;
			files = (
				FD3D3EAA16DDE6AD002FA65F /* CoreLocation.framework in Frameworks */,
				FD420B1A16D66E3800300B26 /* UIKit.framework in Frameworks */,
				FD420B1C16D66E3800300B26 /* Foundation.framework in Frameworks */,
				FD420B1E16D66E3800300B26 /* CoreGraphics.framework in Frameworks */,
				45F614D28CBF4CB5BCD8A734 /* libPods.a in Frameworks */,
			);
			runOnlyForDeploymentPostprocessing = 0;
		};
/* End PBXFrameworksBuildPhase section */

/* Begin PBXGroup section */
		FD420B0D16D66E3800300B26 = {
			isa = PBXGroup;
			children = (
				FD3D3EA916DDE6AD002FA65F /* CoreLocation.framework */,
				FD420B1F16D66E3800300B26 /* PM25 */,
				FD420B1816D66E3800300B26 /* Frameworks */,
				FD420B1716D66E3800300B26 /* Products */,
				E64C57EB79B243238277D272 /* Pods.xcconfig */,
			);
			sourceTree = "<group>";
		};
		FD420B1716D66E3800300B26 /* Products */ = {
			isa = PBXGroup;
			children = (
				FD420B1616D66E3800300B26 /* PM25.app */,
			);
			name = Products;
			sourceTree = "<group>";
		};
		FD420B1816D66E3800300B26 /* Frameworks */ = {
			isa = PBXGroup;
			children = (
				FD420B1916D66E3800300B26 /* UIKit.framework */,
				FD420B1B16D66E3800300B26 /* Foundation.framework */,
				FD420B1D16D66E3800300B26 /* CoreGraphics.framework */,
				580C39FE6277449DA3ED5EDB /* libPods.a */,
			);
			name = Frameworks;
			sourceTree = "<group>";
		};
		FD420B1F16D66E3800300B26 /* PM25 */ = {
			isa = PBXGroup;
			children = (
				FD2825A116E9DD5100FC66BB /* PhotosCollectionViewController.h */,
				FD2825A216E9DD5100FC66BB /* PhotosCollectionViewController.m */,
				FD420B3D16D7136800300B26 /* ConfigViewController.h */,
				FD420B3E16D7136800300B26 /* ConfigViewController.m */,
				FD420B2816D66E3800300B26 /* PMAppDelegate.h */,
				FD420B2916D66E3800300B26 /* PMAppDelegate.m */,
				FD420B3116D66E3900300B26 /* MainStoryboard.storyboard */,
				FDC4997916EDDE3500F4CE84 /* AQI.xib */,
				FDC4997B16EDDEFF00F4CE84 /* AQIView.h */,
				FDC4997C16EDDEFF00F4CE84 /* AQIView.m */,
				FD420B3416D66E3900300B26 /* PMViewController.h */,
				FD420B3516D66E3900300B26 /* PMViewController.m */,
				FD28259D16E9D38B00FC66BB /* gear.png */,
				FD28259E16E9D38B00FC66BB /* gear@2x.png */,
				FD420B2016D66E3800300B26 /* Supporting Files */,
				FD420B4016D7205C00300B26 /* PMTimeConfigViewContoller.h */,
				FD420B4116D7205C00300B26 /* PMTimeConfigViewContoller.m */,
				FD420B4316D778F000300B26 /* PMFrequencyConfigViewController.h */,
				FD420B4416D778F000300B26 /* PMFrequencyConfigViewController.m */,
				FDB5A50716DB4BE7004BC936 /* PMDbTool.h */,
				FD3D3EAB16DED7B4002FA65F /* PMConfigItem.h */,
				FD3D3EAC16DED7B4002FA65F /* PMConfigItem.m */,
			);
			path = PM25;
			sourceTree = "<group>";
		};
		FD420B2016D66E3800300B26 /* Supporting Files */ = {
			isa = PBXGroup;
			children = (
				FDC4997516EDD2FC00F4CE84 /* sunset.jpg */,
				FDC4997616EDD2FC00F4CE84 /* sunset@2x.jpg */,
				FDC4997116EDD01700F4CE84 /* checkmark.png */,
				FDC4997216EDD01700F4CE84 /* checkmark@2x.png */,
				FDE6FB8016E5EBF70070107E /* air_114.png */,
				FDE6FB7E16E5EBF20070107E /* air_57.png */,
				FDC4996916ED60F300F4CE84 /* background3.jpg */,
				FDC4996A16ED60F300F4CE84 /* background3@2x.jpg */,
				FDC4996516ED5F3F00F4CE84 /* background2.jpg */,
				FDC4996616ED5F3F00F4CE84 /* background2@2x.jpg */,
				FD28259916E9C42100FC66BB /* refresh.png */,
				FD28259A16E9C42100FC66BB /* refresh@2x.png */,
				FDEBF60416E98FD500D29534 /* background@2x.jpg */,
				FDEBF60016E98FA100D29534 /* background.jpg */,
				FD3D3EA716DCBA7D002FA65F /* loading.gif */,
				FD420B2116D66E3800300B26 /* PM25-Info.plist */,
				FD420B2216D66E3800300B26 /* InfoPlist.strings */,
				FD420B2516D66E3800300B26 /* main.m */,
				FD420B2716D66E3800300B26 /* PM25-Prefix.pch */,
				FD420B2B16D66E3800300B26 /* Default.png */,
				FD420B2D16D66E3900300B26 /* Default@2x.png */,
				FD420B2F16D66E3900300B26 /* Default-568h@2x.png */,
			);
			name = "Supporting Files";
			sourceTree = "<group>";
		};
/* End PBXGroup section */

/* Begin PBXNativeTarget section */
		FD420B1516D66E3800300B26 /* PM25 */ = {
			isa = PBXNativeTarget;
			buildConfigurationList = FD420B3916D66E3900300B26 /* Build configuration list for PBXNativeTarget "PM25" */;
			buildPhases = (
				FD420B1216D66E3800300B26 /* Sources */,
				FD420B1316D66E3800300B26 /* Frameworks */,
				FD420B1416D66E3800300B26 /* Resources */,
				CADC0704A76948E9AAA60007 /* Copy Pods Resources */,
			);
			buildRules = (
			);
			dependencies = (
			);
			name = PM25;
			productName = PM25;
			productReference = FD420B1616D66E3800300B26 /* PM25.app */;
			productType = "com.apple.product-type.application";
		};
/* End PBXNativeTarget section */

/* Begin PBXProject section */
		FD420B0E16D66E3800300B26 /* Project object */ = {
			isa = PBXProject;
			attributes = {
				CLASSPREFIX = PM;
				LastUpgradeCheck = 0460;
				ORGANIZATIONNAME = BlueTiger;
			};
			buildConfigurationList = FD420B1116D66E3800300B26 /* Build configuration list for PBXProject "PM25" */;
			compatibilityVersion = "Xcode 3.2";
			developmentRegion = English;
			hasScannedForEncodings = 0;
			knownRegions = (
				en,
			);
			mainGroup = FD420B0D16D66E3800300B26;
			productRefGroup = FD420B1716D66E3800300B26 /* Products */;
			projectDirPath = "";
			projectRoot = "";
			targets = (
				FD420B1516D66E3800300B26 /* PM25 */,
			);
		};
/* End PBXProject section */

/* Begin PBXResourcesBuildPhase section */
		FD420B1416D66E3800300B26 /* Resources */ = {
			isa = PBXResourcesBuildPhase;
			buildActionMask = 2147483647;
			files = (
				FD420B2416D66E3800300B26 /* InfoPlist.strings in Resources */,
				FD420B2C16D66E3800300B26 /* Default.png in Resources */,
				FD420B2E16D66E3900300B26 /* Default@2x.png in Resources */,
				FD420B3016D66E3900300B26 /* Default-568h@2x.png in Resources */,
				FD420B3316D66E3900300B26 /* MainStoryboard.storyboard in Resources */,
				FD3D3EA816DCBA7D002FA65F /* loading.gif in Resources */,
				FDE6FB7F16E5EBF20070107E /* air_57.png in Resources */,
				FDE6FB8116E5EBF70070107E /* air_114.png in Resources */,
				FDEBF60216E98FA100D29534 /* background.jpg in Resources */,
				FDEBF60516E98FD500D29534 /* background@2x.jpg in Resources */,
				FD28259B16E9C42100FC66BB /* refresh.png in Resources */,
				FD28259C16E9C42100FC66BB /* refresh@2x.png in Resources */,
				FD28259F16E9D38B00FC66BB /* gear.png in Resources */,
				FD2825A016E9D38B00FC66BB /* gear@2x.png in Resources */,
				FDC4996716ED5F3F00F4CE84 /* background2.jpg in Resources */,
				FDC4996816ED5F3F00F4CE84 /* background2@2x.jpg in Resources */,
				FDC4996B16ED60F300F4CE84 /* background3.jpg in Resources */,
				FDC4996C16ED60F300F4CE84 /* background3@2x.jpg in Resources */,
				FDC4997316EDD01700F4CE84 /* checkmark.png in Resources */,
				FDC4997416EDD01700F4CE84 /* checkmark@2x.png in Resources */,
				FDC4997716EDD2FC00F4CE84 /* sunset.jpg in Resources */,
				FDC4997816EDD2FC00F4CE84 /* sunset@2x.jpg in Resources */,
				FDC4997A16EDDE3500F4CE84 /* AQI.xib in Resources */,
			);
			runOnlyForDeploymentPostprocessing = 0;
		};
/* End PBXResourcesBuildPhase section */

/* Begin PBXShellScriptBuildPhase section */
		CADC0704A76948E9AAA60007 /* Copy Pods Resources */ = {
			isa = PBXShellScriptBuildPhase;
			buildActionMask = 2147483647;
			files = (
			);
			inputPaths = (
			);
			name = "Copy Pods Resources";
			outputPaths = (
			);
			runOnlyForDeploymentPostprocessing = 0;
			shellPath = /bin/sh;
			shellScript = "\"${SRCROOT}/Pods/Pods-resources.sh\"\n";
		};
/* End PBXShellScriptBuildPhase section */

/* Begin PBXSourcesBuildPhase section */
		FD420B1216D66E3800300B26 /* Sources */ = {
			isa = PBXSourcesBuildPhase;
			buildActionMask = 2147483647;
			files = (
				FD420B2616D66E3800300B26 /* main.m in Sources */,
				FD420B2A16D66E3800300B26 /* PMAppDelegate.m in Sources */,
				FD420B3616D66E3900300B26 /* PMViewController.m in Sources */,
				FD420B3F16D7136800300B26 /* ConfigViewController.m in Sources */,
				FD420B4216D7205C00300B26 /* PMTimeConfigViewContoller.m in Sources */,
				FD420B4516D778F000300B26 /* PMFrequencyConfigViewController.m in Sources */,
				FD3D3EAD16DED7B4002FA65F /* PMConfigItem.m in Sources */,
				FD2825A316E9DD5100FC66BB /* PhotosCollectionViewController.m in Sources */,
				FDC4997D16EDDEFF00F4CE84 /* AQIView.m in Sources */,
			);
			runOnlyForDeploymentPostprocessing = 0;
		};
/* End PBXSourcesBuildPhase section */

/* Begin PBXVariantGroup section */
		FD420B2216D66E3800300B26 /* InfoPlist.strings */ = {
			isa = PBXVariantGroup;
			children = (
				FD420B2316D66E3800300B26 /* en */,
			);
			name = InfoPlist.strings;
			sourceTree = "<group>";
		};
		FD420B3116D66E3900300B26 /* MainStoryboard.storyboard */ = {
			isa = PBXVariantGroup;
			children = (
				FD420B3216D66E3900300B26 /* en */,
			);
			name = MainStoryboard.storyboard;
			sourceTree = "<group>";
		};
/* End PBXVariantGroup section */

/* Begin XCBuildConfiguration section */
		FD420B3716D66E3900300B26 /* Debug */ = {
			isa = XCBuildConfiguration;
			buildSettings = {
				ALWAYS_SEARCH_USER_PATHS = NO;
				CLANG_CXX_LANGUAGE_STANDARD = "gnu++0x";
				CLANG_CXX_LIBRARY = "libc++";
				CLANG_ENABLE_OBJC_ARC = YES;
				CLANG_WARN_CONSTANT_CONVERSION = YES;
				CLANG_WARN_EMPTY_BODY = YES;
				CLANG_WARN_ENUM_CONVERSION = YES;
				CLANG_WARN_INT_CONVERSION = YES;
				CLANG_WARN__DUPLICATE_METHOD_MATCH = YES;
				"CODE_SIGN_IDENTITY[sdk=iphoneos*]" = "iPhone Developer";
				COPY_PHASE_STRIP = NO;
				GCC_C_LANGUAGE_STANDARD = gnu99;
				GCC_DYNAMIC_NO_PIC = NO;
				GCC_OPTIMIZATION_LEVEL = 0;
				GCC_PREPROCESSOR_DEFINITIONS = (
					"DEBUG=1",
					"$(inherited)",
				);
				GCC_SYMBOLS_PRIVATE_EXTERN = NO;
				GCC_WARN_ABOUT_RETURN_TYPE = YES;
				GCC_WARN_UNINITIALIZED_AUTOS = YES;
				GCC_WARN_UNUSED_VARIABLE = YES;
				IPHONEOS_DEPLOYMENT_TARGET = 6.1;
				ONLY_ACTIVE_ARCH = YES;
				SDKROOT = iphoneos;
			};
			name = Debug;
		};
		FD420B3816D66E3900300B26 /* Release */ = {
			isa = XCBuildConfiguration;
			buildSettings = {
				ALWAYS_SEARCH_USER_PATHS = NO;
				CLANG_CXX_LANGUAGE_STANDARD = "gnu++0x";
				CLANG_CXX_LIBRARY = "libc++";
				CLANG_ENABLE_OBJC_ARC = YES;
				CLANG_WARN_CONSTANT_CONVERSION = YES;
				CLANG_WARN_EMPTY_BODY = YES;
				CLANG_WARN_ENUM_CONVERSION = YES;
				CLANG_WARN_INT_CONVERSION = YES;
				CLANG_WARN__DUPLICATE_METHOD_MATCH = YES;
				"CODE_SIGN_IDENTITY[sdk=iphoneos*]" = "iPhone Developer";
				COPY_PHASE_STRIP = YES;
				GCC_C_LANGUAGE_STANDARD = gnu99;
				GCC_WARN_ABOUT_RETURN_TYPE = YES;
				GCC_WARN_UNINITIALIZED_AUTOS = YES;
				GCC_WARN_UNUSED_VARIABLE = YES;
				IPHONEOS_DEPLOYMENT_TARGET = 6.1;
				OTHER_CFLAGS = "-DNS_BLOCK_ASSERTIONS=1";
				SDKROOT = iphoneos;
				VALIDATE_PRODUCT = YES;
			};
			name = Release;
		};
		FD420B3A16D66E3900300B26 /* Debug */ = {
			isa = XCBuildConfiguration;
			baseConfigurationReference = E64C57EB79B243238277D272 /* Pods.xcconfig */;
			buildSettings = {
				CODE_SIGN_IDENTITY = "iPhone Developer: Su Jie (Q655YX2Y94)";
				"CODE_SIGN_IDENTITY[sdk=iphoneos*]" = "iPhone Developer: Su Jie (Q655YX2Y94)";
				GCC_PRECOMPILE_PREFIX_HEADER = YES;
				GCC_PREFIX_HEADER = "PM25/PM25-Prefix.pch";
				INFOPLIST_FILE = "PM25/PM25-Info.plist";
				OTHER_LDFLAGS = (
					"-ObjC",
					"-lsqlite3",
					"-framework",
					CFNetwork,
					"-framework",
					SystemConfiguration,
					"-lxml2",
				);
				PRODUCT_NAME = "$(TARGET_NAME)";
				PROVISIONING_PROFILE = "D1DFD391-0B25-4F06-AFB7-2C191A63624E";
				"PROVISIONING_PROFILE[sdk=iphoneos*]" = "D1DFD391-0B25-4F06-AFB7-2C191A63624E";
				USER_HEADER_SEARCH_PATHS = /user/include/libxml2;
				WRAPPER_EXTENSION = app;
			};
			name = Debug;
		};
		FD420B3B16D66E3900300B26 /* Release */ = {
			isa = XCBuildConfiguration;
			baseConfigurationReference = E64C57EB79B243238277D272 /* Pods.xcconfig */;
			buildSettings = {
				CODE_SIGN_IDENTITY = "iPhone Developer: Su Jie (Q655YX2Y94)";
				"CODE_SIGN_IDENTITY[sdk=iphoneos*]" = "iPhone Developer: Su Jie (Q655YX2Y94)";
				GCC_PRECOMPILE_PREFIX_HEADER = YES;
				GCC_PREFIX_HEADER = "PM25/PM25-Prefix.pch";
				INFOPLIST_FILE = "PM25/PM25-Info.plist";
				OTHER_LDFLAGS = (
					"-ObjC",
					"-lsqlite3",
					"-framework",
					CFNetwork,
					"-framework",
					SystemConfiguration,
					"-lxml2",
				);
				PRODUCT_NAME = "$(TARGET_NAME)";
				PROVISIONING_PROFILE = "D1DFD391-0B25-4F06-AFB7-2C191A63624E";
				"PROVISIONING_PROFILE[sdk=iphoneos*]" = "D1DFD391-0B25-4F06-AFB7-2C191A63624E";
				USER_HEADER_SEARCH_PATHS = /user/include/libxml2;
				WRAPPER_EXTENSION = app;
			};
			name = Release;
		};
/* End XCBuildConfiguration section */

/* Begin XCConfigurationList section */
		FD420B1116D66E3800300B26 /* Build configuration list for PBXProject "PM25" */ = {
			isa = XCConfigurationList;
			buildConfigurations = (
				FD420B3716D66E3900300B26 /* Debug */,
				FD420B3816D66E3900300B26 /* Release */,
			);
			defaultConfigurationIsVisible = 0;
			defaultConfigurationName = Release;
		};
		FD420B3916D66E3900300B26 /* Build configuration list for PBXNativeTarget "PM25" */ = {
			isa = XCConfigurationList;
			buildConfigurations = (
				FD420B3A16D66E3900300B26 /* Debug */,
				FD420B3B16D66E3900300B26 /* Release */,
			);
			defaultConfigurationIsVisible = 0;
			defaultConfigurationName = Release;
		};
/* End XCConfigurationList section */
	};
	rootObject = FD420B0E16D66E3800300B26 /* Project object */;
}
