
PODS:
- FMDB (2.0)
- JSONKit (1.5pre)
- KissXML (5.0)
- NSLogger (1.1.0)

DEPENDENCIES:
- FMDB (~> 2.0)
- JSONKit (~> 1.5pre)
- KissXML (~> 5.0)
- NSLogger (~> 1.1.0)

SPEC CHECKSUMS:
  FMDB: 77fb1c93b51bbf14d84d49d5374344b7f68c54f1
  JSONKit: 3d4708953ea7ae399a49777372d8b060a43ddd27
  KissXML: 8dfe0fb6d4e987fec63656ff07d5e697f49976f8
  NSLogger: d49a3b23dbf6e4a24abfd2e04e74c86485ad0138

COCOAPODS: 0.16.1
